
Microsoft Visual Studio Solution File, Format Version 12.00
# Visual Studio Version 16
VisualStudioVersion = 16.0.28803.202
MinimumVisualStudioVersion = 10.0.40219.1
Project("{E24C65DC-7377-472B-9ABA-BC803B73C61A}") = "TigersJFC", ".", "{570076E3-EAE3-4E59-AC07-9A793F8E6D61}"
	ProjectSection(WebsiteProperties) = preProject
		TargetFrameworkMoniker = ".NETFramework,Version%3Dv4.5"
		Debug.AspNetCompiler.VirtualPath = "/localhost_34895"
		Debug.AspNetCompiler.PhysicalPath = "..\TigersJFC\"
		Debug.AspNetCompiler.TargetPath = "PrecompiledWeb\localhost_34895\"
		Debug.AspNetCompiler.Updateable = "true"
		Debug.AspNetCompiler.ForceOverwrite = "true"
		Debug.AspNetCompiler.FixedNames = "false"
		Debug.AspNetCompiler.Debug = "True"
		Release.AspNetCompiler.VirtualPath = "/localhost_34895"
		Release.AspNetCompiler.PhysicalPath = "..\TigersJFC\"
		Release.AspNetCompiler.TargetPath = "PrecompiledWeb\localhost_34895\"
		Release.AspNetCompiler.Updateable = "true"
		Release.AspNetCompiler.ForceOverwrite = "true"
		Release.AspNetCompiler.FixedNames = "false"
		Release.AspNetCompiler.Debug = "False"
		VWDPort = "34895"
		SlnRelativePath = "..\TigersJFC\"
	EndProjectSection
EndProject
Project("{FAE04EC0-301F-11D3-BF4B-00C04F79EFBC}") = "Website.logic", "Website.Logic\Website.logic\Website.logic.csproj", "{A45F6573-E45A-4FC9-96B6-C8ACCCB40238}"
EndProject
Global
	GlobalSection(SolutionConfigurationPlatforms) = preSolution
		Debug|Any CPU = Debug|Any CPU
		Release|Any CPU = Release|Any CPU
	EndGlobalSection
	GlobalSection(ProjectConfigurationPlatforms) = postSolution
		{570076E3-EAE3-4E59-AC07-9A793F8E6D61}.Debug|Any CPU.ActiveCfg = Debug|Any CPU
		{570076E3-EAE3-4E59-AC07-9A793F8E6D61}.Debug|Any CPU.Build.0 = Debug|Any CPU
		{570076E3-EAE3-4E59-AC07-9A793F8E6D61}.Release|Any CPU.ActiveCfg = Debug|Any CPU
		{570076E3-EAE3-4E59-AC07-9A793F8E6D61}.Release|Any CPU.Build.0 = Debug|Any CPU
		{A45F6573-E45A-4FC9-96B6-C8ACCCB40238}.Debug|Any CPU.ActiveCfg = Debug|Any CPU
		{A45F6573-E45A-4FC9-96B6-C8ACCCB40238}.Debug|Any CPU.Build.0 = Debug|Any CPU
		{A45F6573-E45A-4FC9-96B6-C8ACCCB40238}.Release|Any CPU.ActiveCfg = Release|Any CPU
		{A45F6573-E45A-4FC9-96B6-C8ACCCB40238}.Release|Any CPU.Build.0 = Release|Any CPU
	EndGlobalSection
	GlobalSection(SolutionProperties) = preSolution
		HideSolutionNode = FALSE
	EndGlobalSection
	GlobalSection(ExtensibilityGlobals) = postSolution
		SolutionGuid = {6B276D6D-ABD8-43CE-928F-58816DF69FFD}
	EndGlobalSection
EndGlobal
