
Microsoft Visual Studio Solution File, Format Version 12.00
# Visual Studio 14
VisualStudioVersion = 14.0.25420.1
MinimumVisualStudioVersion = 10.0.40219.1
Project("{E24C65DC-7377-472B-9ABA-BC803B73C61A}") = "Website", "Website\", "{12E28540-5561-4E4C-9BD5-656C1E1CCA7A}"
	ProjectSection(WebsiteProperties) = preProject
		TargetFrameworkMoniker = ".NETFramework,Version%3Dv4.7.2"
		Debug.AspNetCompiler.VirtualPath = "/localhost_3186"
		Debug.AspNetCompiler.PhysicalPath = "Website\"
		Debug.AspNetCompiler.TargetPath = "PrecompiledWeb\localhost_3186\"
		Debug.AspNetCompiler.Updateable = "true"
		Debug.AspNetCompiler.ForceOverwrite = "true"
		Debug.AspNetCompiler.FixedNames = "false"
		Debug.AspNetCompiler.Debug = "True"
		Release.AspNetCompiler.VirtualPath = "/localhost_3186"
		Release.AspNetCompiler.PhysicalPath = "Website\"
		Release.AspNetCompiler.TargetPath = "PrecompiledWeb\localhost_3186\"
		Release.AspNetCompiler.Updateable = "true"
		Release.AspNetCompiler.ForceOverwrite = "true"
		Release.AspNetCompiler.FixedNames = "false"
		Release.AspNetCompiler.Debug = "False"
		VWDPort = "3186"
		SlnRelativePath = "Website\"
	EndProjectSection
EndProject
Project("{FAE04EC0-301F-11D3-BF4B-00C04F79EFBC}") = "Website.Logic", "Website.Logic\Website.Logic.csproj", "{4385722A-00ED-4B6F-9E93-7DA4250B7A26}"
EndProject
Global
	GlobalSection(SolutionConfigurationPlatforms) = preSolution
		Debug|Any CPU = Debug|Any CPU
		Release|Any CPU = Release|Any CPU
	EndGlobalSection
	GlobalSection(ProjectConfigurationPlatforms) = postSolution
		{12E28540-5561-4E4C-9BD5-656C1E1CCA7A}.Debug|Any CPU.ActiveCfg = Debug|Any CPU
		{12E28540-5561-4E4C-9BD5-656C1E1CCA7A}.Debug|Any CPU.Build.0 = Debug|Any CPU
		{12E28540-5561-4E4C-9BD5-656C1E1CCA7A}.Release|Any CPU.ActiveCfg = Debug|Any CPU
		{12E28540-5561-4E4C-9BD5-656C1E1CCA7A}.Release|Any CPU.Build.0 = Debug|Any CPU
		{4385722A-00ED-4B6F-9E93-7DA4250B7A26}.Debug|Any CPU.ActiveCfg = Debug|Any CPU
		{4385722A-00ED-4B6F-9E93-7DA4250B7A26}.Debug|Any CPU.Build.0 = Debug|Any CPU
		{4385722A-00ED-4B6F-9E93-7DA4250B7A26}.Release|Any CPU.ActiveCfg = Release|Any CPU
		{4385722A-00ED-4B6F-9E93-7DA4250B7A26}.Release|Any CPU.Build.0 = Release|Any CPU
	EndGlobalSection
	GlobalSection(SolutionProperties) = preSolution
		HideSolutionNode = FALSE
	EndGlobalSection
	GlobalSection(ExtensibilityGlobals) = postSolution
		SolutionGuid = {6B276D6D-ABD8-43CE-928F-58816DF69FFD}
	EndGlobalSection
EndGlobal
